// !$*UTF8*$!
{
	archiveVersion = 1;
	classes = {
	};
	objectVersion = 50;
	objects = {

/* Begin PBXBuildFile section */
		1943412B25A3DA0500398CAC /* secryptApp.swift in Sources */ = {isa = PBXBuildFile; fileRef = 1943412A25A3DA0500398CAC /* secryptApp.swift */; };
		1943412D25A3DA0500398CAC /* ContentView.swift in Sources */ = {isa = PBXBuildFile; fileRef = 1943412C25A3DA0500398CAC /* ContentView.swift */; };
		1943412F25A3DA0700398CAC /* Assets.xcassets in Resources */ = {isa = PBXBuildFile; fileRef = 1943412E25A3DA0700398CAC /* Assets.xcassets */; };
		1943413225A3DA0700398CAC /* Preview Assets.xcassets in Resources */ = {isa = PBXBuildFile; fileRef = 1943413125A3DA0700398CAC /* Preview Assets.xcassets */; };
		1943413E25A3DA0700398CAC /* secryptTests.swift in Sources */ = {isa = PBXBuildFile; fileRef = 1943413D25A3DA0700398CAC /* secryptTests.swift */; };
		1943414925A3DA0700398CAC /* secryptUITests.swift in Sources */ = {isa = PBXBuildFile; fileRef = 1943414825A3DA0700398CAC /* secryptUITests.swift */; };
		1943415D25A3DF3400398CAC /* AppModel.swift in Sources */ = {isa = PBXBuildFile; fileRef = 1943415C25A3DF3400398CAC /* AppModel.swift */; };
/* End PBXBuildFile section */

/* Begin PBXContainerItemProxy section */
		1943413A25A3DA0700398CAC /* PBXContainerItemProxy */ = {
			isa = PBXContainerItemProxy;
			containerPortal = 1943411F25A3DA0500398CAC /* Project object */;
			proxyType = 1;
			remoteGlobalIDString = 1943412625A3DA0500398CAC;
			remoteInfo = secrypt;
		};
		1943414525A3DA0700398CAC /* PBXContainerItemProxy */ = {
			isa = PBXContainerItemProxy;
			containerPortal = 1943411F25A3DA0500398CAC /* Project object */;
			proxyType = 1;
			remoteGlobalIDString = 1943412625A3DA0500398CAC;
			remoteInfo = secrypt;
		};
/* End PBXContainerItemProxy section */

/* Begin PBXFileReference section */
		1943412725A3DA0500398CAC /* secrypt.app */ = {isa = PBXFileReference; explicitFileType = wrapper.application; includeInIndex = 0; path = secrypt.app; sourceTree = BUILT_PRODUCTS_DIR; };
		1943412A25A3DA0500398CAC /* secryptApp.swift */ = {isa = PBXFileReference; lastKnownFileType = sourcecode.swift; path = secryptApp.swift; sourceTree = "<group>"; };
		1943412C25A3DA0500398CAC /* ContentView.swift */ = {isa = PBXFileReference; lastKnownFileType = sourcecode.swift; path = ContentView.swift; sourceTree = "<group>"; };
		1943412E25A3DA0700398CAC /* Assets.xcassets */ = {isa = PBXFileReference; lastKnownFileType = folder.assetcatalog; path = Assets.xcassets; sourceTree = "<group>"; };
		1943413125A3DA0700398CAC /* Preview Assets.xcassets */ = {isa = PBXFileReference; lastKnownFileType = folder.assetcatalog; path = "Preview Assets.xcassets"; sourceTree = "<group>"; };
		1943413325A3DA0700398CAC /* Info.plist */ = {isa = PBXFileReference; lastKnownFileType = text.plist.xml; path = Info.plist; sourceTree = "<group>"; };
		1943413425A3DA0700398CAC /* secrypt.entitlements */ = {isa = PBXFileReference; lastKnownFileType = text.plist.entitlements; path = secrypt.entitlements; sourceTree = "<group>"; };
		1943413925A3DA0700398CAC /* secryptTests.xctest */ = {isa = PBXFileReference; explicitFileType = wrapper.cfbundle; includeInIndex = 0; path = secryptTests.xctest; sourceTree = BUILT_PRODUCTS_DIR; };
		1943413D25A3DA0700398CAC /* secryptTests.swift */ = {isa = PBXFileReference; lastKnownFileType = sourcecode.swift; path = secryptTests.swift; sourceTree = "<group>"; };
		1943413F25A3DA0700398CAC /* Info.plist */ = {isa = PBXFileReference; lastKnownFileType = text.plist.xml; path = Info.plist; sourceTree = "<group>"; };
		1943414425A3DA0700398CAC /* secryptUITests.xctest */ = {isa = PBXFileReference; explicitFileType = wrapper.cfbundle; includeInIndex = 0; path = secryptUITests.xctest; sourceTree = BUILT_PRODUCTS_DIR; };
		1943414825A3DA0700398CAC /* secryptUITests.swift */ = {isa = PBXFileReference; lastKnownFileType = sourcecode.swift; path = secryptUITests.swift; sourceTree = "<group>"; };
		1943414A25A3DA0700398CAC /* Info.plist */ = {isa = PBXFileReference; lastKnownFileType = text.plist.xml; path = Info.plist; sourceTree = "<group>"; };
		1943415C25A3DF3400398CAC /* AppModel.swift */ = {isa = PBXFileReference; lastKnownFileType = sourcecode.swift; path = AppModel.swift; sourceTree = "<group>"; };
/* End PBXFileReference section */

/* Begin PBXFrameworksBuildPhase section */
		1943412425A3DA0500398CAC /* Frameworks */ = {
			isa = PBXFrameworksBuildPhase;
			buildActionMask = 2147483647;
			files = (
			);
			runOnlyForDeploymentPostprocessing = 0;
		};
		1943413625A3DA0700398CAC /* Frameworks */ = {
			isa = PBXFrameworksBuildPhase;
			buildActionMask = 2147483647;
			files = (
			);
			runOnlyForDeploymentPostprocessing = 0;
		};
		1943414125A3DA0700398CAC /* Frameworks */ = {
			isa = PBXFrameworksBuildPhase;
			buildActionMask = 2147483647;
			files = (
			);
			runOnlyForDeploymentPostprocessing = 0;
		};
/* End PBXFrameworksBuildPhase section */

/* Begin PBXGroup section */
		1943411E25A3DA0500398CAC = {
			isa = PBXGroup;
			children = (
				1943412925A3DA0500398CAC /* secrypt */,
				1943413C25A3DA0700398CAC /* secryptTests */,
				1943414725A3DA0700398CAC /* secryptUITests */,
				1943412825A3DA0500398CAC /* Products */,
			);
			sourceTree = "<group>";
		};
		1943412825A3DA0500398CAC /* Products */ = {
			isa = PBXGroup;
			children = (
				1943412725A3DA0500398CAC /* secrypt.app */,
				1943413925A3DA0700398CAC /* secryptTests.xctest */,
				1943414425A3DA0700398CAC /* secryptUITests.xctest */,
			);
			name = Products;
			sourceTree = "<group>";
		};
		1943412925A3DA0500398CAC /* secrypt */ = {
			isa = PBXGroup;
			children = (
				1943415B25A3DEDD00398CAC /* view */,
				1943415A25A3DED600398CAC /* model */,
				1943415925A3DECE00398CAC /* controller */,
				1943412A25A3DA0500398CAC /* secryptApp.swift */,
				1943412E25A3DA0700398CAC /* Assets.xcassets */,
				1943413325A3DA0700398CAC /* Info.plist */,
				1943413425A3DA0700398CAC /* secrypt.entitlements */,
				1943413025A3DA0700398CAC /* Preview Content */,
			);
			path = secrypt;
			sourceTree = "<group>";
		};
		1943413025A3DA0700398CAC /* Preview Content */ = {
			isa = PBXGroup;
			children = (
				1943413125A3DA0700398CAC /* Preview Assets.xcassets */,
			);
			path = "Preview Content";
			sourceTree = "<group>";
		};
		1943413C25A3DA0700398CAC /* secryptTests */ = {
			isa = PBXGroup;
			children = (
				1943413D25A3DA0700398CAC /* secryptTests.swift */,
				1943413F25A3DA0700398CAC /* Info.plist */,
			);
			path = secryptTests;
			sourceTree = "<group>";
		};
		1943414725A3DA0700398CAC /* secryptUITests */ = {
			isa = PBXGroup;
			children = (
				1943414825A3DA0700398CAC /* secryptUITests.swift */,
				1943414A25A3DA0700398CAC /* Info.plist */,
			);
			path = secryptUITests;
			sourceTree = "<group>";
		};
		1943415925A3DECE00398CAC /* controller */ = {
			isa = PBXGroup;
			children = (
			);
			path = controller;
			sourceTree = "<group>";
		};
		1943415A25A3DED600398CAC /* model */ = {
			isa = PBXGroup;
			children = (
				1943415C25A3DF3400398CAC /* AppModel.swift */,
			);
			path = model;
			sourceTree = "<group>";
		};
		1943415B25A3DEDD00398CAC /* view */ = {
			isa = PBXGroup;
			children = (
				1943412C25A3DA0500398CAC /* ContentView.swift */,
			);
			path = view;
			sourceTree = "<group>";
		};
/* End PBXGroup section */

/* Begin PBXNativeTarget section */
		1943412625A3DA0500398CAC /* secrypt */ = {
			isa = PBXNativeTarget;
			buildConfigurationList = 1943414D25A3DA0700398CAC /* Build configuration list for PBXNativeTarget "secrypt" */;
			buildPhases = (
				1943412325A3DA0500398CAC /* Sources */,
				1943412425A3DA0500398CAC /* Frameworks */,
				1943412525A3DA0500398CAC /* Resources */,
			);
			buildRules = (
			);
			dependencies = (
			);
			name = secrypt;
			productName = secrypt;
			productReference = 1943412725A3DA0500398CAC /* secrypt.app */;
			productType = "com.apple.product-type.application";
		};
		1943413825A3DA0700398CAC /* secryptTests */ = {
			isa = PBXNativeTarget;
			buildConfigurationList = 1943415025A3DA0700398CAC /* Build configuration list for PBXNativeTarget "secryptTests" */;
			buildPhases = (
				1943413525A3DA0700398CAC /* Sources */,
				1943413625A3DA0700398CAC /* Frameworks */,
				1943413725A3DA0700398CAC /* Resources */,
			);
			buildRules = (
			);
			dependencies = (
				1943413B25A3DA0700398CAC /* PBXTargetDependency */,
			);
			name = secryptTests;
			productName = secryptTests;
			productReference = 1943413925A3DA0700398CAC /* secryptTests.xctest */;
			productType = "com.apple.product-type.bundle.unit-test";
		};
		1943414325A3DA0700398CAC /* secryptUITests */ = {
			isa = PBXNativeTarget;
			buildConfigurationList = 1943415325A3DA0700398CAC /* Build configuration list for PBXNativeTarget "secryptUITests" */;
			buildPhases = (
				1943414025A3DA0700398CAC /* Sources */,
				1943414125A3DA0700398CAC /* Frameworks */,
				1943414225A3DA0700398CAC /* Resources */,
			);
			buildRules = (
			);
			dependencies = (
				1943414625A3DA0700398CAC /* PBXTargetDependency */,
			);
			name = secryptUITests;
			productName = secryptUITests;
			productReference = 1943414425A3DA0700398CAC /* secryptUITests.xctest */;
			productType = "com.apple.product-type.bundle.ui-testing";
		};
/* End PBXNativeTarget section */

/* Begin PBXProject section */
		1943411F25A3DA0500398CAC /* Project object */ = {
			isa = PBXProject;
			attributes = {
				LastSwiftUpdateCheck = 1230;
				LastUpgradeCheck = 1230;
				TargetAttributes = {
					1943412625A3DA0500398CAC = {
						CreatedOnToolsVersion = 12.3;
					};
					1943413825A3DA0700398CAC = {
						CreatedOnToolsVersion = 12.3;
						TestTargetID = 1943412625A3DA0500398CAC;
					};
					1943414325A3DA0700398CAC = {
						CreatedOnToolsVersion = 12.3;
						TestTargetID = 1943412625A3DA0500398CAC;
					};
				};
			};
			buildConfigurationList = 1943412225A3DA0500398CAC /* Build configuration list for PBXProject "secrypt" */;
			compatibilityVersion = "Xcode 9.3";
			developmentRegion = en;
			hasScannedForEncodings = 0;
			knownRegions = (
				en,
				Base,
			);
			mainGroup = 1943411E25A3DA0500398CAC;
			productRefGroup = 1943412825A3DA0500398CAC /* Products */;
			projectDirPath = "";
			projectRoot = "";
			targets = (
				1943412625A3DA0500398CAC /* secrypt */,
				1943413825A3DA0700398CAC /* secryptTests */,
				1943414325A3DA0700398CAC /* secryptUITests */,
			);
		};
/* End PBXProject section */

/* Begin PBXResourcesBuildPhase section */
		1943412525A3DA0500398CAC /* Resources */ = {
			isa = PBXResourcesBuildPhase;
			buildActionMask = 2147483647;
			files = (
				1943413225A3DA0700398CAC /* Preview Assets.xcassets in Resources */,
				1943412F25A3DA0700398CAC /* Assets.xcassets in Resources */,
			);
			runOnlyForDeploymentPostprocessing = 0;
		};
		1943413725A3DA0700398CAC /* Resources */ = {
			isa = PBXResourcesBuildPhase;
			buildActionMask = 2147483647;
			files = (
			);
			runOnlyForDeploymentPostprocessing = 0;
		};
		1943414225A3DA0700398CAC /* Resources */ = {
			isa = PBXResourcesBuildPhase;
			buildActionMask = 2147483647;
			files = (
			);
			runOnlyForDeploymentPostprocessing = 0;
		};
/* End PBXResourcesBuildPhase section */

/* Begin PBXSourcesBuildPhase section */
		1943412325A3DA0500398CAC /* Sources */ = {
			isa = PBXSourcesBuildPhase;
			buildActionMask = 2147483647;
			files = (
				1943412D25A3DA0500398CAC /* ContentView.swift in Sources */,
				1943415D25A3DF3400398CAC /* AppModel.swift in Sources */,
				1943412B25A3DA0500398CAC /* secryptApp.swift in Sources */,
			);
			runOnlyForDeploymentPostprocessing = 0;
		};
		1943413525A3DA0700398CAC /* Sources */ = {
			isa = PBXSourcesBuildPhase;
			buildActionMask = 2147483647;
			files = (
				1943413E25A3DA0700398CAC /* secryptTests.swift in Sources */,
			);
			runOnlyForDeploymentPostprocessing = 0;
		};
		1943414025A3DA0700398CAC /* Sources */ = {
			isa = PBXSourcesBuildPhase;
			buildActionMask = 2147483647;
			files = (
				1943414925A3DA0700398CAC /* secryptUITests.swift in Sources */,
			);
			runOnlyForDeploymentPostprocessing = 0;
		};
/* End PBXSourcesBuildPhase section */

/* Begin PBXTargetDependency section */
		1943413B25A3DA0700398CAC /* PBXTargetDependency */ = {
			isa = PBXTargetDependency;
			target = 1943412625A3DA0500398CAC /* secrypt */;
			targetProxy = 1943413A25A3DA0700398CAC /* PBXContainerItemProxy */;
		};
		1943414625A3DA0700398CAC /* PBXTargetDependency */ = {
			isa = PBXTargetDependency;
			target = 1943412625A3DA0500398CAC /* secrypt */;
			targetProxy = 1943414525A3DA0700398CAC /* PBXContainerItemProxy */;
		};
/* End PBXTargetDependency section */

/* Begin XCBuildConfiguration section */
		1943414B25A3DA0700398CAC /* Debug */ = {
			isa = XCBuildConfiguration;
			buildSettings = {
				ALWAYS_SEARCH_USER_PATHS = NO;
				CLANG_ANALYZER_NONNULL = YES;
				CLANG_ANALYZER_NUMBER_OBJECT_CONVERSION = YES_AGGRESSIVE;
				CLANG_CXX_LANGUAGE_STANDARD = "gnu++14";
				CLANG_CXX_LIBRARY = "libc++";
				CLANG_ENABLE_MODULES = YES;
				CLANG_ENABLE_OBJC_ARC = YES;
				CLANG_ENABLE_OBJC_WEAK = YES;
				CLANG_WARN_BLOCK_CAPTURE_AUTORELEASING = YES;
				CLANG_WARN_BOOL_CONVERSION = YES;
				CLANG_WARN_COMMA = YES;
				CLANG_WARN_CONSTANT_CONVERSION = YES;
				CLANG_WARN_DEPRECATED_OBJC_IMPLEMENTATIONS = YES;
				CLANG_WARN_DIRECT_OBJC_ISA_USAGE = YES_ERROR;
				CLANG_WARN_DOCUMENTATION_COMMENTS = YES;
				CLANG_WARN_EMPTY_BODY = YES;
				CLANG_WARN_ENUM_CONVERSION = YES;
				CLANG_WARN_INFINITE_RECURSION = YES;
				CLANG_WARN_INT_CONVERSION = YES;
				CLANG_WARN_NON_LITERAL_NULL_CONVERSION = YES;
				CLANG_WARN_OBJC_IMPLICIT_RETAIN_SELF = YES;
				CLANG_WARN_OBJC_LITERAL_CONVERSION = YES;
				CLANG_WARN_OBJC_ROOT_CLASS = YES_ERROR;
				CLANG_WARN_QUOTED_INCLUDE_IN_FRAMEWORK_HEADER = YES;
				CLANG_WARN_RANGE_LOOP_ANALYSIS = YES;
				CLANG_WARN_STRICT_PROTOTYPES = YES;
				CLANG_WARN_SUSPICIOUS_MOVE = YES;
				CLANG_WARN_UNGUARDED_AVAILABILITY = YES_AGGRESSIVE;
				CLANG_WARN_UNREACHABLE_CODE = YES;
				CLANG_WARN__DUPLICATE_METHOD_MATCH = YES;
				COPY_PHASE_STRIP = NO;
				DEBUG_INFORMATION_FORMAT = dwarf;
				ENABLE_STRICT_OBJC_MSGSEND = YES;
				ENABLE_TESTABILITY = YES;
				GCC_C_LANGUAGE_STANDARD = gnu11;
				GCC_DYNAMIC_NO_PIC = NO;
				GCC_NO_COMMON_BLOCKS = YES;
				GCC_OPTIMIZATION_LEVEL = 0;
				GCC_PREPROCESSOR_DEFINITIONS = (
					"DEBUG=1",
					"$(inherited)",
				);
				GCC_WARN_64_TO_32_BIT_CONVERSION = YES;
				GCC_WARN_ABOUT_RETURN_TYPE = YES_ERROR;
				GCC_WARN_UNDECLARED_SELECTOR = YES;
				GCC_WARN_UNINITIALIZED_AUTOS = YES_AGGRESSIVE;
				GCC_WARN_UNUSED_FUNCTION = YES;
				GCC_WARN_UNUSED_VARIABLE = YES;
				MACOSX_DEPLOYMENT_TARGET = 11.1;
				MTL_ENABLE_DEBUG_INFO = INCLUDE_SOURCE;
				MTL_FAST_MATH = YES;
				ONLY_ACTIVE_ARCH = YES;
				SDKROOT = macosx;
				SWIFT_ACTIVE_COMPILATION_CONDITIONS = DEBUG;
				SWIFT_OPTIMIZATION_LEVEL = "-Onone";
			};
			name = Debug;
		};
		1943414C25A3DA0700398CAC /* Release */ = {
			isa = XCBuildConfiguration;
			buildSettings = {
				ALWAYS_SEARCH_USER_PATHS = NO;
				CLANG_ANALYZER_NONNULL = YES;
				CLANG_ANALYZER_NUMBER_OBJECT_CONVERSION = YES_AGGRESSIVE;
				CLANG_CXX_LANGUAGE_STANDARD = "gnu++14";
				CLANG_CXX_LIBRARY = "libc++";
				CLANG_ENABLE_MODULES = YES;
				CLANG_ENABLE_OBJC_ARC = YES;
				CLANG_ENABLE_OBJC_WEAK = YES;
				CLANG_WARN_BLOCK_CAPTURE_AUTORELEASING = YES;
				CLANG_WARN_BOOL_CONVERSION = YES;
				CLANG_WARN_COMMA = YES;
				CLANG_WARN_CONSTANT_CONVERSION = YES;
				CLANG_WARN_DEPRECATED_OBJC_IMPLEMENTATIONS = YES;
				CLANG_WARN_DIRECT_OBJC_ISA_USAGE = YES_ERROR;
				CLANG_WARN_DOCUMENTATION_COMMENTS = YES;
				CLANG_WARN_EMPTY_BODY = YES;
				CLANG_WARN_ENUM_CONVERSION = YES;
				CLANG_WARN_INFINITE_RECURSION = YES;
				CLANG_WARN_INT_CONVERSION = YES;
				CLANG_WARN_NON_LITERAL_NULL_CONVERSION = YES;
				CLANG_WARN_OBJC_IMPLICIT_RETAIN_SELF = YES;
				CLANG_WARN_OBJC_LITERAL_CONVERSION = YES;
				CLANG_WARN_OBJC_ROOT_CLASS = YES_ERROR;
				CLANG_WARN_QUOTED_INCLUDE_IN_FRAMEWORK_HEADER = YES;
				CLANG_WARN_RANGE_LOOP_ANALYSIS = YES;
				CLANG_WARN_STRICT_PROTOTYPES = YES;
				CLANG_WARN_SUSPICIOUS_MOVE = YES;
				CLANG_WARN_UNGUARDED_AVAILABILITY = YES_AGGRESSIVE;
				CLANG_WARN_UNREACHABLE_CODE = YES;
				CLANG_WARN__DUPLICATE_METHOD_MATCH = YES;
				COPY_PHASE_STRIP = NO;
				DEBUG_INFORMATION_FORMAT = "dwarf-with-dsym";
				ENABLE_NS_ASSERTIONS = NO;
				ENABLE_STRICT_OBJC_MSGSEND = YES;
				GCC_C_LANGUAGE_STANDARD = gnu11;
				GCC_NO_COMMON_BLOCKS = YES;
				GCC_WARN_64_TO_32_BIT_CONVERSION = YES;
				GCC_WARN_ABOUT_RETURN_TYPE = YES_ERROR;
				GCC_WARN_UNDECLARED_SELECTOR = YES;
				GCC_WARN_UNINITIALIZED_AUTOS = YES_AGGRESSIVE;
				GCC_WARN_UNUSED_FUNCTION = YES;
				GCC_WARN_UNUSED_VARIABLE = YES;
				MACOSX_DEPLOYMENT_TARGET = 11.1;
				MTL_ENABLE_DEBUG_INFO = NO;
				MTL_FAST_MATH = YES;
				SDKROOT = macosx;
				SWIFT_COMPILATION_MODE = wholemodule;
				SWIFT_OPTIMIZATION_LEVEL = "-O";
			};
			name = Release;
		};
		1943414E25A3DA0700398CAC /* Debug */ = {
			isa = XCBuildConfiguration;
			buildSettings = {
				ASSETCATALOG_COMPILER_APPICON_NAME = AppIcon;
				ASSETCATALOG_COMPILER_GLOBAL_ACCENT_COLOR_NAME = AccentColor;
				CODE_SIGN_ENTITLEMENTS = secrypt/secrypt.entitlements;
				CODE_SIGN_STYLE = Automatic;
				COMBINE_HIDPI_IMAGES = YES;
				DEVELOPMENT_ASSET_PATHS = "\"secrypt/Preview Content\"";
				DEVELOPMENT_TEAM = 28K497D45L;
				ENABLE_HARDENED_RUNTIME = YES;
				ENABLE_PREVIEWS = YES;
				INFOPLIST_FILE = secrypt/Info.plist;
				LD_RUNPATH_SEARCH_PATHS = (
					"$(inherited)",
					"@executable_path/../Frameworks",
				);
				MACOSX_DEPLOYMENT_TARGET = 11.0;
				PRODUCT_BUNDLE_IDENTIFIER = com.albertviilik.secrypt;
				PRODUCT_NAME = "$(TARGET_NAME)";
				SWIFT_VERSION = 5.0;
			};
			name = Debug;
		};
		1943414F25A3DA0700398CAC /* Release */ = {
			isa = XCBuildConfiguration;
			buildSettings = {
				ASSETCATALOG_COMPILER_APPICON_NAME = AppIcon;
				ASSETCATALOG_COMPILER_GLOBAL_ACCENT_COLOR_NAME = AccentColor;
				CODE_SIGN_ENTITLEMENTS = secrypt/secrypt.entitlements;
				CODE_SIGN_STYLE = Automatic;
				COMBINE_HIDPI_IMAGES = YES;
				DEVELOPMENT_ASSET_PATHS = "\"secrypt/Preview Content\"";
				DEVELOPMENT_TEAM = 28K497D45L;
				ENABLE_HARDENED_RUNTIME = YES;
				ENABLE_PREVIEWS = YES;
				INFOPLIST_FILE = secrypt/Info.plist;
				LD_RUNPATH_SEARCH_PATHS = (
					"$(inherited)",
					"@executable_path/../Frameworks",
				);
				MACOSX_DEPLOYMENT_TARGET = 11.0;
				PRODUCT_BUNDLE_IDENTIFIER = com.albertviilik.secrypt;
				PRODUCT_NAME = "$(TARGET_NAME)";
				SWIFT_VERSION = 5.0;
			};
			name = Release;
		};
		1943415125A3DA0700398CAC /* Debug */ = {
			isa = XCBuildConfiguration;
			buildSettings = {
				ALWAYS_EMBED_SWIFT_STANDARD_LIBRARIES = YES;
				BUNDLE_LOADER = "$(TEST_HOST)";
				CODE_SIGN_STYLE = Automatic;
				COMBINE_HIDPI_IMAGES = YES;
				DEVELOPMENT_TEAM = 28K497D45L;
				INFOPLIST_FILE = secryptTests/Info.plist;
				LD_RUNPATH_SEARCH_PATHS = (
					"$(inherited)",
					"@executable_path/../Frameworks",
					"@loader_path/../Frameworks",
				);
				MACOSX_DEPLOYMENT_TARGET = 11.0;
				PRODUCT_BUNDLE_IDENTIFIER = com.albertviilik.secryptTests;
				PRODUCT_NAME = "$(TARGET_NAME)";
				SWIFT_VERSION = 5.0;
				TEST_HOST = "$(BUILT_PRODUCTS_DIR)/secrypt.app/Contents/MacOS/secrypt";
			};
			name = Debug;
		};
		1943415225A3DA0700398CAC /* Release */ = {
			isa = XCBuildConfiguration;
			buildSettings = {
				ALWAYS_EMBED_SWIFT_STANDARD_LIBRARIES = YES;
				BUNDLE_LOADER = "$(TEST_HOST)";
				CODE_SIGN_STYLE = Automatic;
				COMBINE_HIDPI_IMAGES = YES;
				DEVELOPMENT_TEAM = 28K497D45L;
				INFOPLIST_FILE = secryptTests/Info.plist;
				LD_RUNPATH_SEARCH_PATHS = (
					"$(inherited)",
					"@executable_path/../Frameworks",
					"@loader_path/../Frameworks",
				);
				MACOSX_DEPLOYMENT_TARGET = 11.0;
				PRODUCT_BUNDLE_IDENTIFIER = com.albertviilik.secryptTests;
				PRODUCT_NAME = "$(TARGET_NAME)";
				SWIFT_VERSION = 5.0;
				TEST_HOST = "$(BUILT_PRODUCTS_DIR)/secrypt.app/Contents/MacOS/secrypt";
			};
			name = Release;
		};
		1943415425A3DA0700398CAC /* Debug */ = {
			isa = XCBuildConfiguration;
			buildSettings = {
				ALWAYS_EMBED_SWIFT_STANDARD_LIBRARIES = YES;
				CODE_SIGN_STYLE = Automatic;
				COMBINE_HIDPI_IMAGES = YES;
				DEVELOPMENT_TEAM = 28K497D45L;
				INFOPLIST_FILE = secryptUITests/Info.plist;
				LD_RUNPATH_SEARCH_PATHS = (
					"$(inherited)",
					"@executable_path/../Frameworks",
					"@loader_path/../Frameworks",
				);
				PRODUCT_BUNDLE_IDENTIFIER = com.albertviilik.secryptUITests;
				PRODUCT_NAME = "$(TARGET_NAME)";
				SWIFT_VERSION = 5.0;
				TEST_TARGET_NAME = secrypt;
			};
			name = Debug;
		};
		1943415525A3DA0700398CAC /* Release */ = {
			isa = XCBuildConfiguration;
			buildSettings = {
				ALWAYS_EMBED_SWIFT_STANDARD_LIBRARIES = YES;
				CODE_SIGN_STYLE = Automatic;
				COMBINE_HIDPI_IMAGES = YES;
				DEVELOPMENT_TEAM = 28K497D45L;
				INFOPLIST_FILE = secryptUITests/Info.plist;
				LD_RUNPATH_SEARCH_PATHS = (
					"$(inherited)",
					"@executable_path/../Frameworks",
					"@loader_path/../Frameworks",
				);
				PRODUCT_BUNDLE_IDENTIFIER = com.albertviilik.secryptUITests;
				PRODUCT_NAME = "$(TARGET_NAME)";
				SWIFT_VERSION = 5.0;
				TEST_TARGET_NAME = secrypt;
			};
			name = Release;
		};
/* End XCBuildConfiguration section */

/* Begin XCConfigurationList section */
		1943412225A3DA0500398CAC /* Build configuration list for PBXProject "secrypt" */ = {
			isa = XCConfigurationList;
			buildConfigurations = (
				1943414B25A3DA0700398CAC /* Debug */,
				1943414C25A3DA0700398CAC /* Release */,
			);
			defaultConfigurationIsVisible = 0;
			defaultConfigurationName = Release;
		};
		1943414D25A3DA0700398CAC /* Build configuration list for PBXNativeTarget "secrypt" */ = {
			isa = XCConfigurationList;
			buildConfigurations = (
				1943414E25A3DA0700398CAC /* Debug */,
				1943414F25A3DA0700398CAC /* Release */,
			);
			defaultConfigurationIsVisible = 0;
			defaultConfigurationName = Release;
		};
		1943415025A3DA0700398CAC /* Build configuration list for PBXNativeTarget "secryptTests" */ = {
			isa = XCConfigurationList;
			buildConfigurations = (
				1943415125A3DA0700398CAC /* Debug */,
				1943415225A3DA0700398CAC /* Release */,
			);
			defaultConfigurationIsVisible = 0;
			defaultConfigurationName = Release;
		};
		1943415325A3DA0700398CAC /* Build configuration list for PBXNativeTarget "secryptUITests" */ = {
			isa = XCConfigurationList;
			buildConfigurations = (
				1943415425A3DA0700398CAC /* Debug */,
				1943415525A3DA0700398CAC /* Release */,
			);
			defaultConfigurationIsVisible = 0;
			defaultConfigurationName = Release;
		};
/* End XCConfigurationList section */
	};
	rootObject = 1943411F25A3DA0500398CAC /* Project object */;
}
